
Microsoft Visual Studio Solution File, Format Version 12.00
# Visual Studio Version 16
VisualStudioVersion = 16.0.30204.135
MinimumVisualStudioVersion = 10.0.40219.1
Project("{9A19103F-16F7-4668-BE54-9A1E7A4F7556}") = "REST.Portfolio", "REST.Portfolio\REST.Portfolio.csproj", "{D9EC8AF7-0CD7-4945-9F4A-1535BA6E91CC}"
EndProject
Project("{9A19103F-16F7-4668-BE54-9A1E7A4F7556}") = "Domain", "Domain\Domain.csproj", "{8CDBC87C-847E-4189-8073-8B80D8902493}"
EndProject
Project("{9A19103F-16F7-4668-BE54-9A1E7A4F7556}") = "Common", "Common\Common.csproj", "{7831B69F-4611-40E2-ABA3-C1A5D5353E3B}"
EndProject
Project("{9A19103F-16F7-4668-BE54-9A1E7A4F7556}") = "Application", "Application\Application.csproj", "{39DE0DAF-EAC6-4220-AE20-8501D511B6F2}"
EndProject
Project("{9A19103F-16F7-4668-BE54-9A1E7A4F7556}") = "Infrastructure", "Infrastructure\Infrastructure.csproj", "{A8C8ECAD-6806-4DE8-BF13-56715AF1A741}"
EndProject
Project("{9A19103F-16F7-4668-BE54-9A1E7A4F7556}") = "Persistence", "Persistence\Persistence.csproj", "{BD18526C-FD52-4BFC-982A-2C6C9A7A03FC}"
EndProject
Project("{FAE04EC0-301F-11D3-BF4B-00C04F79EFBC}") = "Domain.UnitTests", "Domain.UnitTests\Domain.UnitTests.csproj", "{8363CAEA-55A4-4CE8-9CD9-62554CCA41E4}"
EndProject
Project("{2150E333-8FDC-42A3-9474-1A3956D46DE8}") = "Tests", "Tests", "{F6F10CC4-27FB-4CD1-B7FE-F11E2FF9D043}"
EndProject
Project("{FAE04EC0-301F-11D3-BF4B-00C04F79EFBC}") = "Application.UnitTests", "Application.UnitTests\Application.UnitTests.csproj", "{4652E785-67D5-419B-80EF-14FF905B7526}"
EndProject
Global
	GlobalSection(SolutionConfigurationPlatforms) = preSolution
		Debug|Any CPU = Debug|Any CPU
		Release|Any CPU = Release|Any CPU
	EndGlobalSection
	GlobalSection(ProjectConfigurationPlatforms) = postSolution
		{D9EC8AF7-0CD7-4945-9F4A-1535BA6E91CC}.Debug|Any CPU.ActiveCfg = Debug|Any CPU
		{D9EC8AF7-0CD7-4945-9F4A-1535BA6E91CC}.Debug|Any CPU.Build.0 = Debug|Any CPU
		{D9EC8AF7-0CD7-4945-9F4A-1535BA6E91CC}.Release|Any CPU.ActiveCfg = Release|Any CPU
		{D9EC8AF7-0CD7-4945-9F4A-1535BA6E91CC}.Release|Any CPU.Build.0 = Release|Any CPU
		{8CDBC87C-847E-4189-8073-8B80D8902493}.Debug|Any CPU.ActiveCfg = Debug|Any CPU
		{8CDBC87C-847E-4189-8073-8B80D8902493}.Debug|Any CPU.Build.0 = Debug|Any CPU
		{8CDBC87C-847E-4189-8073-8B80D8902493}.Release|Any CPU.ActiveCfg = Release|Any CPU
		{8CDBC87C-847E-4189-8073-8B80D8902493}.Release|Any CPU.Build.0 = Release|Any CPU
		{7831B69F-4611-40E2-ABA3-C1A5D5353E3B}.Debug|Any CPU.ActiveCfg = Debug|Any CPU
		{7831B69F-4611-40E2-ABA3-C1A5D5353E3B}.Debug|Any CPU.Build.0 = Debug|Any CPU
		{7831B69F-4611-40E2-ABA3-C1A5D5353E3B}.Release|Any CPU.ActiveCfg = Release|Any CPU
		{7831B69F-4611-40E2-ABA3-C1A5D5353E3B}.Release|Any CPU.Build.0 = Release|Any CPU
		{39DE0DAF-EAC6-4220-AE20-8501D511B6F2}.Debug|Any CPU.ActiveCfg = Debug|Any CPU
		{39DE0DAF-EAC6-4220-AE20-8501D511B6F2}.Debug|Any CPU.Build.0 = Debug|Any CPU
		{39DE0DAF-EAC6-4220-AE20-8501D511B6F2}.Release|Any CPU.ActiveCfg = Release|Any CPU
		{39DE0DAF-EAC6-4220-AE20-8501D511B6F2}.Release|Any CPU.Build.0 = Release|Any CPU
		{A8C8ECAD-6806-4DE8-BF13-56715AF1A741}.Debug|Any CPU.ActiveCfg = Debug|Any CPU
		{A8C8ECAD-6806-4DE8-BF13-56715AF1A741}.Debug|Any CPU.Build.0 = Debug|Any CPU
		{A8C8ECAD-6806-4DE8-BF13-56715AF1A741}.Release|Any CPU.ActiveCfg = Release|Any CPU
		{A8C8ECAD-6806-4DE8-BF13-56715AF1A741}.Release|Any CPU.Build.0 = Release|Any CPU
		{BD18526C-FD52-4BFC-982A-2C6C9A7A03FC}.Debug|Any CPU.ActiveCfg = Debug|Any CPU
		{BD18526C-FD52-4BFC-982A-2C6C9A7A03FC}.Debug|Any CPU.Build.0 = Debug|Any CPU
		{BD18526C-FD52-4BFC-982A-2C6C9A7A03FC}.Release|Any CPU.ActiveCfg = Release|Any CPU
		{BD18526C-FD52-4BFC-982A-2C6C9A7A03FC}.Release|Any CPU.Build.0 = Release|Any CPU
		{8363CAEA-55A4-4CE8-9CD9-62554CCA41E4}.Debug|Any CPU.ActiveCfg = Debug|Any CPU
		{8363CAEA-55A4-4CE8-9CD9-62554CCA41E4}.Debug|Any CPU.Build.0 = Debug|Any CPU
		{8363CAEA-55A4-4CE8-9CD9-62554CCA41E4}.Release|Any CPU.ActiveCfg = Release|Any CPU
		{8363CAEA-55A4-4CE8-9CD9-62554CCA41E4}.Release|Any CPU.Build.0 = Release|Any CPU
		{4652E785-67D5-419B-80EF-14FF905B7526}.Debug|Any CPU.ActiveCfg = Debug|Any CPU
		{4652E785-67D5-419B-80EF-14FF905B7526}.Debug|Any CPU.Build.0 = Debug|Any CPU
		{4652E785-67D5-419B-80EF-14FF905B7526}.Release|Any CPU.ActiveCfg = Release|Any CPU
		{4652E785-67D5-419B-80EF-14FF905B7526}.Release|Any CPU.Build.0 = Release|Any CPU
	EndGlobalSection
	GlobalSection(SolutionProperties) = preSolution
		HideSolutionNode = FALSE
	EndGlobalSection
	GlobalSection(NestedProjects) = preSolution
		{8363CAEA-55A4-4CE8-9CD9-62554CCA41E4} = {F6F10CC4-27FB-4CD1-B7FE-F11E2FF9D043}
		{4652E785-67D5-419B-80EF-14FF905B7526} = {F6F10CC4-27FB-4CD1-B7FE-F11E2FF9D043}
	EndGlobalSection
	GlobalSection(ExtensibilityGlobals) = postSolution
		SolutionGuid = {2BDE2609-34AB-4FDF-ADCC-FDC60D718D61}
	EndGlobalSection
EndGlobal
